{
    "version": 3,
    "terraform_version": "0.11.11",
    "serial": 9,
    "lineage": "31cadcad-3695-5314-7a40-1deb99d78761",
    "modules": [
        {
            "path": [
                "root"
            ],
            "outputs": {},
            "resources": {
                "openstack_compute_instance_v2.fuseesb01": {
                    "type": "openstack_compute_instance_v2",
                    "depends_on": [
                        "openstack_networking_network_v2.prod_fuse_network"
                    ],
                    "primary": {
                        "id": "a8c8e136-9a3a-4530-a7c8-7ff2616f52ab",
                        "attributes": {
                            "access_ip_v4": "192.168.2.13",
                            "access_ip_v6": "",
                            "all_metadata.%": "0",
                            "availability_zone": "nova",
                            "flavor_id": "1",
                            "flavor_name": "m1.tiny",
                            "force_delete": "false",
                            "id": "a8c8e136-9a3a-4530-a7c8-7ff2616f52ab",
                            "image_id": "3bc4a056-e530-487a-a04e-1f50fbb12f97",
                            "image_name": "cirros-0.3.5-x86_64-disk",
                            "name": "fuseesb01",
                            "network.#": "1",
                            "network.0.access_network": "false",
                            "network.0.fixed_ip_v4": "192.168.2.13",
                            "network.0.fixed_ip_v6": "",
                            "network.0.floating_ip": "",
                            "network.0.mac": "fa:16:3e:5b:85:2b",
                            "network.0.name": "prod_fuse_network",
                            "network.0.port": "",
                            "network.0.uuid": "f81af6e1-68b6-46f4-8243-66695866db6e",
                            "power_state": "active",
                            "region": "RegionOne",
                            "security_groups.#": "1",
                            "security_groups.3814588639": "default",
                            "stop_before_destroy": "false"
                        },
                        "meta": {
                            "e2bfb730-ecaa-11e6-8f88-34363bc7c4c0": {
                                "create": 1800000000000,
                                "delete": 1800000000000,
                                "update": 1800000000000
                            }
                        },
                        "tainted": false
                    },
                    "deposed": [],
                    "provider": "provider.openstack"
                },
                "openstack_networking_network_v2.prod_fuse_network": {
                    "type": "openstack_networking_network_v2",
                    "depends_on": [],
                    "primary": {
                        "id": "f81af6e1-68b6-46f4-8243-66695866db6e",
                        "attributes": {
                            "admin_state_up": "true",
                            "availability_zone_hints.#": "0",
                            "description": "",
                            "id": "f81af6e1-68b6-46f4-8243-66695866db6e",
                            "name": "prod_fuse_network",
                            "region": "RegionOne",
                            "shared": "false",
                            "tags.#": "0",
                            "tenant_id": "9ee8bd6469484f669807f9b0873a0859"
                        },
                        "meta": {
                            "e2bfb730-ecaa-11e6-8f88-34363bc7c4c0": {
                                "create": 600000000000,
                                "delete": 600000000000
                            }
                        },
                        "tainted": false
                    },
                    "deposed": [],
                    "provider": "provider.openstack"
                },
                "openstack_networking_subnet_v2.prod_fuse_subnet_1": {
                    "type": "openstack_networking_subnet_v2",
                    "depends_on": [
                        "openstack_networking_network_v2.prod_fuse_network"
                    ],
                    "primary": {
                        "id": "94d76c90-a803-45ee-b6f1-1cd2a92eac0b",
                        "attributes": {
                            "allocation_pools.#": "1",
                            "allocation_pools.0.end": "192.168.2.254",
                            "allocation_pools.0.start": "192.168.2.2",
                            "cidr": "192.168.2.0/24",
                            "description": "",
                            "dns_nameservers.#": "0",
                            "enable_dhcp": "true",
                            "gateway_ip": "192.168.2.1",
                            "host_routes.#": "0",
                            "id": "94d76c90-a803-45ee-b6f1-1cd2a92eac0b",
                            "ip_version": "4",
                            "ipv6_address_mode": "",
                            "ipv6_ra_mode": "",
                            "name": "subnet_1",
                            "network_id": "f81af6e1-68b6-46f4-8243-66695866db6e",
                            "no_gateway": "false",
                            "region": "RegionOne",
                            "subnetpool_id": "",
                            "tags.#": "0",
                            "tenant_id": "9ee8bd6469484f669807f9b0873a0859"
                        },
                        "meta": {
                            "e2bfb730-ecaa-11e6-8f88-34363bc7c4c0": {
                                "create": 600000000000,
                                "delete": 600000000000
                            }
                        },
                        "tainted": false
                    },
                    "deposed": [],
                    "provider": "provider.openstack"
                }
            },
            "depends_on": []
        }
    ]
}
