{
    "version": 3,
    "terraform_version": "0.11.11",
    "serial": 29,
    "lineage": "31cadcad-3695-5314-7a40-1deb99d78761",
    "modules": [
        {
            "path": [
                "root"
            ],
            "outputs": {},
            "resources": {
                "openstack_blockstorage_volume_v2.fuseesb01_myvol": {
                    "type": "openstack_blockstorage_volume_v2",
                    "depends_on": [],
                    "primary": {
                        "id": "7b760567-d462-4398-8367-998bbebf90ac",
                        "attributes": {
                            "attachment.#": "0",
                            "availability_zone": "nova",
                            "description": "Volumen del servidor FuseESB",
                            "id": "7b760567-d462-4398-8367-998bbebf90ac",
                            "metadata.%": "0",
                            "name": "fuseesb01_myvol",
                            "region": "RegionOne",
                            "size": "1",
                            "snapshot_id": "",
                            "source_vol_id": "",
                            "volume_type": "lvmdriver-1"
                        },
                        "meta": {
                            "e2bfb730-ecaa-11e6-8f88-34363bc7c4c0": {
                                "create": 600000000000,
                                "delete": 600000000000
                            }
                        },
                        "tainted": false
                    },
                    "deposed": [],
                    "provider": "provider.openstack"
                },
                "openstack_compute_instance_v2.fuseesb01": {
                    "type": "openstack_compute_instance_v2",
                    "depends_on": [
                        "openstack_networking_network_v2.prod_fuse_network"
                    ],
                    "primary": {
                        "id": "63ed593f-83a5-446c-97de-8e6cac8fc976",
                        "attributes": {
                            "access_ip_v4": "192.168.1.17",
                            "access_ip_v6": "",
                            "all_metadata.%": "0",
                            "availability_zone": "nova",
                            "flavor_id": "1",
                            "flavor_name": "m1.tiny",
                            "force_delete": "false",
                            "id": "63ed593f-83a5-446c-97de-8e6cac8fc976",
                            "image_id": "3bc4a056-e530-487a-a04e-1f50fbb12f97",
                            "image_name": "cirros-0.3.5-x86_64-disk",
                            "key_pair": "fusesb-keypair",
                            "name": "fuseesb01",
                            "network.#": "1",
                            "network.0.access_network": "false",
                            "network.0.fixed_ip_v4": "192.168.1.17",
                            "network.0.fixed_ip_v6": "",
                            "network.0.floating_ip": "",
                            "network.0.mac": "fa:16:3e:1f:f2:d5",
                            "network.0.name": "prod_fuse_network",
                            "network.0.port": "",
                            "network.0.uuid": "d90dc9b3-048a-4378-835d-78f197e6144f",
                            "power_state": "active",
                            "region": "RegionOne",
                            "security_groups.#": "1",
                            "security_groups.3814588639": "default",
                            "stop_before_destroy": "false"
                        },
                        "meta": {
                            "e2bfb730-ecaa-11e6-8f88-34363bc7c4c0": {
                                "create": 1800000000000,
                                "delete": 1800000000000,
                                "update": 1800000000000
                            }
                        },
                        "tainted": false
                    },
                    "deposed": [],
                    "provider": "provider.openstack"
                },
                "openstack_compute_keypair_v2.fuseesb": {
                    "type": "openstack_compute_keypair_v2",
                    "depends_on": [],
                    "primary": {
                        "id": "fusesb-keypair",
                        "attributes": {
                            "fingerprint": "59:7d:7d:1b:63:c4:ca:48:db:02:a3:ea:de:98:50:2f",
                            "id": "fusesb-keypair",
                            "name": "fusesb-keypair",
                            "private_key": "-----BEGIN RSA PRIVATE KEY-----\nMIIEowIBAAKCAQEAvdVs97V7GvbhE3tsmOBMDtio5Ex+6wMTH4p1HTLRZpIxRcbT\nS7HhKRFmYMgz7RaCpzlccUMCMH+4DfJart/3rLp1/CdptDtVQiyqmpbEwqDYdECD\nw3wUXGGIiYZfcJ/PBTJhXJRz6jRNsVn7WQaheH0PaZ3N1qNHdbKLH5bPyzp5WzOh\n4VZsS2PJsxmb15rAe1kVoZJRkH098FbdD3u5PyVAtIyoHCMb8aJwpXHevvqV27Vz\n/guipMIcULzjuaqq3v++75jwLxrdRy+ctHG1BMRacdZASpYbToq1VRFI60wJMAtE\n301sih2qZR+otlg5TY5joLA+IB6BiG4FNBfCHwIDAQABAoIBAQCYoIRgFRXJdD06\nwL1rnMsKFMCV7bsNkQdLELNgqn8aDOh4xYcVEQuLTWYW4mB9et/JO6FLnyiffdCp\nxfWLLJ+hzLkX50hhlGLUNb1lVVsVcOUXctd90ME+FV0F1XfewV5dO0h0exdHco4U\nzdf8mAwzJ7nAnRPmQpkt1ENvPn4LUq8siPQBX2Gr1jMnVXvPzJZl0cizovjyXyhH\nVdLwU2gAKZsaZ6o6xkrZxafGRN1579jwNaDol1JEtpz1cmlPyv588rWPlv8M9CiV\nnkifODs1DM4g+3UxgQ6krMI2mbmn38kjgAu4JWbtq2Hjcmg5ehelqRkCF7tve9Qu\nVujBl+YBAoGBAPjsJxw5dSFuCKeKaX0gsDx/UNWW9ievy9Gm7MTZSrdbpp4dQv5C\nibEftqFzgkAxwLKHmrbT91u73YLSKCKukKIMNg48+vXT7WJ5OmcHOFTmu+x+E4Vq\ntz8q6x4Yu+HTD5i+Ns6+T4IUXSHjenCOqDeasBXFiGER7FHQiQYO04RfAoGBAMM7\nLgXtIBFiNI/9nqw0eadIqIviXUryg2Qhx2dzqxGc03KDEDHpsBanAlNTOQqC+mdS\nZrgeyYBu7D+TETalNZmL3lYHRH4O+2RAuCNc4Y/v+ZsHmEG9WGq8M0DbJWF9cJMt\nFlN1Tyc21YEbnfjhJsKtK7IPY88bGoSOJ8Z0fppBAoGAMKW2XwW7pnTirBuY0iN5\nTdlz6so+ATOSGb8Ntsrgl0UKIwyE8zv9vOf9wT/ZzMHsbvehfOmgBgWJHPAFeAG1\nsnXAerfgM/rfAce/ajM3ByCwyV86YXChr26r1I3w6gldmvRRscXvs/RW3zCd1TGM\nHpHUp+ya4p2mGbcvkEeFfvECgYBPjkQY4iIZM12b94u7PL7+LhuQtTOzINPt793k\nCDyDttZraYEl9cZt1Kyb6+PopqsHg4qcKN+P2KOo3HM9Q2FuKpL1l4yPmedTWRQw\nRN8d2npqdFPVJiVriTmRijvXWFiRgOQCKmGQ50VlkS10h7tVxV9y9daERNUvgwYu\nVrZogQKBgHQH1QCCGNSv0MtdYrtYlobMUoLiSe9pJMyuJOHvW/atHD4rhwfQWn62\nut8O8/vS6iql1E3yEywJdAAqbfzJSNfeKHFMRM8cxIWiQBFMuV+liMvYpCYGB+7G\n1x+U0+ucZMr7yz2vBO5AXzWMB81FI4LlgXZn3z1QAymAmJF7/5Sf\n-----END RSA PRIVATE KEY-----\n",
                            "public_key": "ssh-rsa AAAAB3NzaC1yc2EAAAADAQABAAABAQC91Wz3tXsa9uETe2yY4EwO2KjkTH7rAxMfinUdMtFmkjFFxtNLseEpEWZgyDPtFoKnOVxxQwIwf7gN8lqu3/esunX8J2m0O1VCLKqalsTCoNh0QIPDfBRcYYiJhl9wn88FMmFclHPqNE2xWftZBqF4fQ9pnc3Wo0d1sosfls/LOnlbM6HhVmxLY8mzGZvXmsB7WRWhklGQfT3wVt0Pe7k/JUC0jKgcIxvxonClcd6++pXbtXP+C6KkwhxQvOO5qqre/77vmPAvGt1HL5y0cbUExFpx1kBKlhtOirVVEUjrTAkwC0TfTWyKHaplH6i2WDlNjmOgsD4gHoGIbgU0F8If Generated-by-Nova",
                            "region": "RegionOne"
                        },
                        "meta": {},
                        "tainted": false
                    },
                    "deposed": [],
                    "provider": "provider.openstack"
                },
                "openstack_networking_network_v2.prod_fuse_network": {
                    "type": "openstack_networking_network_v2",
                    "depends_on": [],
                    "primary": {
                        "id": "d90dc9b3-048a-4378-835d-78f197e6144f",
                        "attributes": {
                            "admin_state_up": "true",
                            "availability_zone_hints.#": "0",
                            "description": "",
                            "id": "d90dc9b3-048a-4378-835d-78f197e6144f",
                            "name": "prod_fuse_network",
                            "region": "RegionOne",
                            "shared": "false",
                            "tags.#": "0",
                            "tenant_id": "9ee8bd6469484f669807f9b0873a0859",
                            "transparent_vlan": "false"
                        },
                        "meta": {
                            "e2bfb730-ecaa-11e6-8f88-34363bc7c4c0": {
                                "create": 600000000000,
                                "delete": 600000000000
                            }
                        },
                        "tainted": false
                    },
                    "deposed": [],
                    "provider": "provider.openstack"
                },
                "openstack_networking_subnet_v2.prod_fuse_subnet_1": {
                    "type": "openstack_networking_subnet_v2",
                    "depends_on": [
                        "openstack_networking_network_v2.prod_fuse_network"
                    ],
                    "primary": {
                        "id": "8d22aa8d-929f-4e8a-93e6-be01e118d0a9",
                        "attributes": {
                            "allocation_pools.#": "1",
                            "allocation_pools.0.end": "192.168.1.254",
                            "allocation_pools.0.start": "192.168.1.2",
                            "cidr": "192.168.1.0/24",
                            "description": "",
                            "dns_nameservers.#": "0",
                            "enable_dhcp": "true",
                            "gateway_ip": "192.168.1.1",
                            "host_routes.#": "0",
                            "id": "8d22aa8d-929f-4e8a-93e6-be01e118d0a9",
                            "ip_version": "4",
                            "ipv6_address_mode": "",
                            "ipv6_ra_mode": "",
                            "name": "subnet_1",
                            "network_id": "d90dc9b3-048a-4378-835d-78f197e6144f",
                            "no_gateway": "false",
                            "region": "RegionOne",
                            "subnetpool_id": "",
                            "tags.#": "0",
                            "tenant_id": "9ee8bd6469484f669807f9b0873a0859"
                        },
                        "meta": {
                            "e2bfb730-ecaa-11e6-8f88-34363bc7c4c0": {
                                "create": 600000000000,
                                "delete": 600000000000
                            }
                        },
                        "tainted": false
                    },
                    "deposed": [],
                    "provider": "provider.openstack"
                }
            },
            "depends_on": []
        }
    ]
}
